
Microsoft Visual Studio Solution File, Format Version 12.00
# Visual Studio Version 16
VisualStudioVersion = 16.0.32106.194
MinimumVisualStudioVersion = 10.0.40219.1
Project("{FAE04EC0-301F-11D3-BF4B-00C04F79EFBC}") = "VPN_Setup", "VPN_Setup\VPN_Setup.csproj", "{F8F10598-EEDE-4361-A4A4-58F2E2713E31}"
EndProject
Global
	GlobalSection(SolutionConfigurationPlatforms) = preSolution
		Debug|Any CPU = Debug|Any CPU
		Release|Any CPU = Release|Any CPU
	EndGlobalSection
	GlobalSection(ProjectConfigurationPlatforms) = postSolution
		{F8F10598-EEDE-4361-A4A4-58F2E2713E31}.Debug|Any CPU.ActiveCfg = Debug|Any CPU
		{F8F10598-EEDE-4361-A4A4-58F2E2713E31}.Debug|Any CPU.Build.0 = Debug|Any CPU
		{F8F10598-EEDE-4361-A4A4-58F2E2713E31}.Release|Any CPU.ActiveCfg = Release|Any CPU
		{F8F10598-EEDE-4361-A4A4-58F2E2713E31}.Release|Any CPU.Build.0 = Release|Any CPU
	EndGlobalSection
	GlobalSection(SolutionProperties) = preSolution
		HideSolutionNode = FALSE
	EndGlobalSection
	GlobalSection(ExtensibilityGlobals) = postSolution
		SolutionGuid = {4C22BD6A-52D1-4180-A099-CDC12693727E}
	EndGlobalSection
EndGlobal
